// !$*UTF8*$!
{
	archiveVersion = 1;
	classes = {
	};
	objectVersion = 50;
	objects = {

/* Begin PBXBuildFile section */
		D36093D624E5BB240096D474 /* AppDelegate.swift in Sources */ = {isa = PBXBuildFile; fileRef = D36093D524E5BB240096D474 /* AppDelegate.swift */; };
		D36093D824E5BB240096D474 /* SceneDelegate.swift in Sources */ = {isa = PBXBuildFile; fileRef = D36093D724E5BB240096D474 /* SceneDelegate.swift */; };
		D36093DA24E5BB240096D474 /* ViewController.swift in Sources */ = {isa = PBXBuildFile; fileRef = D36093D924E5BB240096D474 /* ViewController.swift */; };
		D36093DD24E5BB240096D474 /* Main.storyboard in Resources */ = {isa = PBXBuildFile; fileRef = D36093DB24E5BB240096D474 /* Main.storyboard */; };
		D36093DF24E5BB2C0096D474 /* Assets.xcassets in Resources */ = {isa = PBXBuildFile; fileRef = D36093DE24E5BB2C0096D474 /* Assets.xcassets */; };
		D36093E224E5BB2C0096D474 /* LaunchScreen.storyboard in Resources */ = {isa = PBXBuildFile; fileRef = D36093E024E5BB2C0096D474 /* LaunchScreen.storyboard */; };
		D36093ED24E5BB2D0096D474 /* PeopleTests.swift in Sources */ = {isa = PBXBuildFile; fileRef = D36093EC24E5BB2D0096D474 /* PeopleTests.swift */; };
		D36093F824E5BB2D0096D474 /* PeopleUITests.swift in Sources */ = {isa = PBXBuildFile; fileRef = D36093F724E5BB2D0096D474 /* PeopleUITests.swift */; };
/* End PBXBuildFile section */

/* Begin PBXContainerItemProxy section */
		D36093E924E5BB2D0096D474 /* PBXContainerItemProxy */ = {
			isa = PBXContainerItemProxy;
			containerPortal = D36093CA24E5BB240096D474 /* Project object */;
			proxyType = 1;
			remoteGlobalIDString = D36093D124E5BB240096D474;
			remoteInfo = People;
		};
		D36093F424E5BB2D0096D474 /* PBXContainerItemProxy */ = {
			isa = PBXContainerItemProxy;
			containerPortal = D36093CA24E5BB240096D474 /* Project object */;
			proxyType = 1;
			remoteGlobalIDString = D36093D124E5BB240096D474;
			remoteInfo = People;
		};
/* End PBXContainerItemProxy section */

/* Begin PBXFileReference section */
		D36093D224E5BB240096D474 /* People.app */ = {isa = PBXFileReference; explicitFileType = wrapper.application; includeInIndex = 0; path = People.app; sourceTree = BUILT_PRODUCTS_DIR; };
		D36093D524E5BB240096D474 /* AppDelegate.swift */ = {isa = PBXFileReference; lastKnownFileType = sourcecode.swift; path = AppDelegate.swift; sourceTree = "<group>"; };
		D36093D724E5BB240096D474 /* SceneDelegate.swift */ = {isa = PBXFileReference; lastKnownFileType = sourcecode.swift; path = SceneDelegate.swift; sourceTree = "<group>"; };
		D36093D924E5BB240096D474 /* ViewController.swift */ = {isa = PBXFileReference; lastKnownFileType = sourcecode.swift; path = ViewController.swift; sourceTree = "<group>"; };
		D36093DC24E5BB240096D474 /* Base */ = {isa = PBXFileReference; lastKnownFileType = file.storyboard; name = Base; path = Base.lproj/Main.storyboard; sourceTree = "<group>"; };
		D36093DE24E5BB2C0096D474 /* Assets.xcassets */ = {isa = PBXFileReference; lastKnownFileType = folder.assetcatalog; path = Assets.xcassets; sourceTree = "<group>"; };
		D36093E124E5BB2C0096D474 /* Base */ = {isa = PBXFileReference; lastKnownFileType = file.storyboard; name = Base; path = Base.lproj/LaunchScreen.storyboard; sourceTree = "<group>"; };
		D36093E324E5BB2C0096D474 /* Info.plist */ = {isa = PBXFileReference; lastKnownFileType = text.plist.xml; path = Info.plist; sourceTree = "<group>"; };
		D36093E824E5BB2D0096D474 /* PeopleTests.xctest */ = {isa = PBXFileReference; explicitFileType = wrapper.cfbundle; includeInIndex = 0; path = PeopleTests.xctest; sourceTree = BUILT_PRODUCTS_DIR; };
		D36093EC24E5BB2D0096D474 /* PeopleTests.swift */ = {isa = PBXFileReference; lastKnownFileType = sourcecode.swift; path = PeopleTests.swift; sourceTree = "<group>"; };
		D36093EE24E5BB2D0096D474 /* Info.plist */ = {isa = PBXFileReference; lastKnownFileType = text.plist.xml; path = Info.plist; sourceTree = "<group>"; };
		D36093F324E5BB2D0096D474 /* PeopleUITests.xctest */ = {isa = PBXFileReference; explicitFileType = wrapper.cfbundle; includeInIndex = 0; path = PeopleUITests.xctest; sourceTree = BUILT_PRODUCTS_DIR; };
		D36093F724E5BB2D0096D474 /* PeopleUITests.swift */ = {isa = PBXFileReference; lastKnownFileType = sourcecode.swift; path = PeopleUITests.swift; sourceTree = "<group>"; };
		D36093F924E5BB2D0096D474 /* Info.plist */ = {isa = PBXFileReference; lastKnownFileType = text.plist.xml; path = Info.plist; sourceTree = "<group>"; };
/* End PBXFileReference section */

/* Begin PBXFrameworksBuildPhase section */
		D36093CF24E5BB240096D474 /* Frameworks */ = {
			isa = PBXFrameworksBuildPhase;
			buildActionMask = 2147483647;
			files = (
			);
			runOnlyForDeploymentPostprocessing = 0;
		};
		D36093E524E5BB2D0096D474 /* Frameworks */ = {
			isa = PBXFrameworksBuildPhase;
			buildActionMask = 2147483647;
			files = (
			);
			runOnlyForDeploymentPostprocessing = 0;
		};
		D36093F024E5BB2D0096D474 /* Frameworks */ = {
			isa = PBXFrameworksBuildPhase;
			buildActionMask = 2147483647;
			files = (
			);
			runOnlyForDeploymentPostprocessing = 0;
		};
/* End PBXFrameworksBuildPhase section */

/* Begin PBXGroup section */
		D36093C924E5BB240096D474 = {
			isa = PBXGroup;
			children = (
				D36093D424E5BB240096D474 /* People */,
				D36093EB24E5BB2D0096D474 /* PeopleTests */,
				D36093F624E5BB2D0096D474 /* PeopleUITests */,
				D36093D324E5BB240096D474 /* Products */,
			);
			sourceTree = "<group>";
		};
		D36093D324E5BB240096D474 /* Products */ = {
			isa = PBXGroup;
			children = (
				D36093D224E5BB240096D474 /* People.app */,
				D36093E824E5BB2D0096D474 /* PeopleTests.xctest */,
				D36093F324E5BB2D0096D474 /* PeopleUITests.xctest */,
			);
			name = Products;
			sourceTree = "<group>";
		};
		D36093D424E5BB240096D474 /* People */ = {
			isa = PBXGroup;
			children = (
				D36093D524E5BB240096D474 /* AppDelegate.swift */,
				D36093D724E5BB240096D474 /* SceneDelegate.swift */,
				D36093D924E5BB240096D474 /* ViewController.swift */,
				D36093DB24E5BB240096D474 /* Main.storyboard */,
				D36093DE24E5BB2C0096D474 /* Assets.xcassets */,
				D36093E024E5BB2C0096D474 /* LaunchScreen.storyboard */,
				D36093E324E5BB2C0096D474 /* Info.plist */,
			);
			path = People;
			sourceTree = "<group>";
		};
		D36093EB24E5BB2D0096D474 /* PeopleTests */ = {
			isa = PBXGroup;
			children = (
				D36093EC24E5BB2D0096D474 /* PeopleTests.swift */,
				D36093EE24E5BB2D0096D474 /* Info.plist */,
			);
			path = PeopleTests;
			sourceTree = "<group>";
		};
		D36093F624E5BB2D0096D474 /* PeopleUITests */ = {
			isa = PBXGroup;
			children = (
				D36093F724E5BB2D0096D474 /* PeopleUITests.swift */,
				D36093F924E5BB2D0096D474 /* Info.plist */,
			);
			path = PeopleUITests;
			sourceTree = "<group>";
		};
/* End PBXGroup section */

/* Begin PBXNativeTarget section */
		D36093D124E5BB240096D474 /* People */ = {
			isa = PBXNativeTarget;
			buildConfigurationList = D36093FC24E5BB2D0096D474 /* Build configuration list for PBXNativeTarget "People" */;
			buildPhases = (
				D36093CE24E5BB240096D474 /* Sources */,
				D36093CF24E5BB240096D474 /* Frameworks */,
				D36093D024E5BB240096D474 /* Resources */,
			);
			buildRules = (
			);
			dependencies = (
			);
			name = People;
			productName = People;
			productReference = D36093D224E5BB240096D474 /* People.app */;
			productType = "com.apple.product-type.application";
		};
		D36093E724E5BB2D0096D474 /* PeopleTests */ = {
			isa = PBXNativeTarget;
			buildConfigurationList = D36093FF24E5BB2D0096D474 /* Build configuration list for PBXNativeTarget "PeopleTests" */;
			buildPhases = (
				D36093E424E5BB2D0096D474 /* Sources */,
				D36093E524E5BB2D0096D474 /* Frameworks */,
				D36093E624E5BB2D0096D474 /* Resources */,
			);
			buildRules = (
			);
			dependencies = (
				D36093EA24E5BB2D0096D474 /* PBXTargetDependency */,
			);
			name = PeopleTests;
			productName = PeopleTests;
			productReference = D36093E824E5BB2D0096D474 /* PeopleTests.xctest */;
			productType = "com.apple.product-type.bundle.unit-test";
		};
		D36093F224E5BB2D0096D474 /* PeopleUITests */ = {
			isa = PBXNativeTarget;
			buildConfigurationList = D360940224E5BB2D0096D474 /* Build configuration list for PBXNativeTarget "PeopleUITests" */;
			buildPhases = (
				D36093EF24E5BB2D0096D474 /* Sources */,
				D36093F024E5BB2D0096D474 /* Frameworks */,
				D36093F124E5BB2D0096D474 /* Resources */,
			);
			buildRules = (
			);
			dependencies = (
				D36093F524E5BB2D0096D474 /* PBXTargetDependency */,
			);
			name = PeopleUITests;
			productName = PeopleUITests;
			productReference = D36093F324E5BB2D0096D474 /* PeopleUITests.xctest */;
			productType = "com.apple.product-type.bundle.ui-testing";
		};
/* End PBXNativeTarget section */

/* Begin PBXProject section */
		D36093CA24E5BB240096D474 /* Project object */ = {
			isa = PBXProject;
			attributes = {
				LastSwiftUpdateCheck = 1150;
				LastUpgradeCheck = 1150;
				ORGANIZATIONNAME = "Nitesh Vishwakarma";
				TargetAttributes = {
					D36093D124E5BB240096D474 = {
						CreatedOnToolsVersion = 11.5;
					};
					D36093E724E5BB2D0096D474 = {
						CreatedOnToolsVersion = 11.5;
						TestTargetID = D36093D124E5BB240096D474;
					};
					D36093F224E5BB2D0096D474 = {
						CreatedOnToolsVersion = 11.5;
						TestTargetID = D36093D124E5BB240096D474;
					};
				};
			};
			buildConfigurationList = D36093CD24E5BB240096D474 /* Build configuration list for PBXProject "People" */;
			compatibilityVersion = "Xcode 9.3";
			developmentRegion = en;
			hasScannedForEncodings = 0;
			knownRegions = (
				en,
				Base,
			);
			mainGroup = D36093C924E5BB240096D474;
			productRefGroup = D36093D324E5BB240096D474 /* Products */;
			projectDirPath = "";
			projectRoot = "";
			targets = (
				D36093D124E5BB240096D474 /* People */,
				D36093E724E5BB2D0096D474 /* PeopleTests */,
				D36093F224E5BB2D0096D474 /* PeopleUITests */,
			);
		};
/* End PBXProject section */

/* Begin PBXResourcesBuildPhase section */
		D36093D024E5BB240096D474 /* Resources */ = {
			isa = PBXResourcesBuildPhase;
			buildActionMask = 2147483647;
			files = (
				D36093E224E5BB2C0096D474 /* LaunchScreen.storyboard in Resources */,
				D36093DF24E5BB2C0096D474 /* Assets.xcassets in Resources */,
				D36093DD24E5BB240096D474 /* Main.storyboard in Resources */,
			);
			runOnlyForDeploymentPostprocessing = 0;
		};
		D36093E624E5BB2D0096D474 /* Resources */ = {
			isa = PBXResourcesBuildPhase;
			buildActionMask = 2147483647;
			files = (
			);
			runOnlyForDeploymentPostprocessing = 0;
		};
		D36093F124E5BB2D0096D474 /* Resources */ = {
			isa = PBXResourcesBuildPhase;
			buildActionMask = 2147483647;
			files = (
			);
			runOnlyForDeploymentPostprocessing = 0;
		};
/* End PBXResourcesBuildPhase section */

/* Begin PBXSourcesBuildPhase section */
		D36093CE24E5BB240096D474 /* Sources */ = {
			isa = PBXSourcesBuildPhase;
			buildActionMask = 2147483647;
			files = (
				D36093DA24E5BB240096D474 /* ViewController.swift in Sources */,
				D36093D624E5BB240096D474 /* AppDelegate.swift in Sources */,
				D36093D824E5BB240096D474 /* SceneDelegate.swift in Sources */,
			);
			runOnlyForDeploymentPostprocessing = 0;
		};
		D36093E424E5BB2D0096D474 /* Sources */ = {
			isa = PBXSourcesBuildPhase;
			buildActionMask = 2147483647;
			files = (
				D36093ED24E5BB2D0096D474 /* PeopleTests.swift in Sources */,
			);
			runOnlyForDeploymentPostprocessing = 0;
		};
		D36093EF24E5BB2D0096D474 /* Sources */ = {
			isa = PBXSourcesBuildPhase;
			buildActionMask = 2147483647;
			files = (
				D36093F824E5BB2D0096D474 /* PeopleUITests.swift in Sources */,
			);
			runOnlyForDeploymentPostprocessing = 0;
		};
/* End PBXSourcesBuildPhase section */

/* Begin PBXTargetDependency section */
		D36093EA24E5BB2D0096D474 /* PBXTargetDependency */ = {
			isa = PBXTargetDependency;
			target = D36093D124E5BB240096D474 /* People */;
			targetProxy = D36093E924E5BB2D0096D474 /* PBXContainerItemProxy */;
		};
		D36093F524E5BB2D0096D474 /* PBXTargetDependency */ = {
			isa = PBXTargetDependency;
			target = D36093D124E5BB240096D474 /* People */;
			targetProxy = D36093F424E5BB2D0096D474 /* PBXContainerItemProxy */;
		};
/* End PBXTargetDependency section */

/* Begin PBXVariantGroup section */
		D36093DB24E5BB240096D474 /* Main.storyboard */ = {
			isa = PBXVariantGroup;
			children = (
				D36093DC24E5BB240096D474 /* Base */,
			);
			name = Main.storyboard;
			sourceTree = "<group>";
		};
		D36093E024E5BB2C0096D474 /* LaunchScreen.storyboard */ = {
			isa = PBXVariantGroup;
			children = (
				D36093E124E5BB2C0096D474 /* Base */,
			);
			name = LaunchScreen.storyboard;
			sourceTree = "<group>";
		};
/* End PBXVariantGroup section */

/* Begin XCBuildConfiguration section */
		D36093FA24E5BB2D0096D474 /* Debug */ = {
			isa = XCBuildConfiguration;
			buildSettings = {
				ALWAYS_SEARCH_USER_PATHS = NO;
				CLANG_ANALYZER_NONNULL = YES;
				CLANG_ANALYZER_NUMBER_OBJECT_CONVERSION = YES_AGGRESSIVE;
				CLANG_CXX_LANGUAGE_STANDARD = "gnu++14";
				CLANG_CXX_LIBRARY = "libc++";
				CLANG_ENABLE_MODULES = YES;
				CLANG_ENABLE_OBJC_ARC = YES;
				CLANG_ENABLE_OBJC_WEAK = YES;
				CLANG_WARN_BLOCK_CAPTURE_AUTORELEASING = YES;
				CLANG_WARN_BOOL_CONVERSION = YES;
				CLANG_WARN_COMMA = YES;
				CLANG_WARN_CONSTANT_CONVERSION = YES;
				CLANG_WARN_DEPRECATED_OBJC_IMPLEMENTATIONS = YES;
				CLANG_WARN_DIRECT_OBJC_ISA_USAGE = YES_ERROR;
				CLANG_WARN_DOCUMENTATION_COMMENTS = YES;
				CLANG_WARN_EMPTY_BODY = YES;
				CLANG_WARN_ENUM_CONVERSION = YES;
				CLANG_WARN_INFINITE_RECURSION = YES;
				CLANG_WARN_INT_CONVERSION = YES;
				CLANG_WARN_NON_LITERAL_NULL_CONVERSION = YES;
				CLANG_WARN_OBJC_IMPLICIT_RETAIN_SELF = YES;
				CLANG_WARN_OBJC_LITERAL_CONVERSION = YES;
				CLANG_WARN_OBJC_ROOT_CLASS = YES_ERROR;
				CLANG_WARN_RANGE_LOOP_ANALYSIS = YES;
				CLANG_WARN_STRICT_PROTOTYPES = YES;
				CLANG_WARN_SUSPICIOUS_MOVE = YES;
				CLANG_WARN_UNGUARDED_AVAILABILITY = YES_AGGRESSIVE;
				CLANG_WARN_UNREACHABLE_CODE = YES;
				CLANG_WARN__DUPLICATE_METHOD_MATCH = YES;
				COPY_PHASE_STRIP = NO;
				DEBUG_INFORMATION_FORMAT = dwarf;
				ENABLE_STRICT_OBJC_MSGSEND = YES;
				ENABLE_TESTABILITY = YES;
				GCC_C_LANGUAGE_STANDARD = gnu11;
				GCC_DYNAMIC_NO_PIC = NO;
				GCC_NO_COMMON_BLOCKS = YES;
				GCC_OPTIMIZATION_LEVEL = 0;
				GCC_PREPROCESSOR_DEFINITIONS = (
					"DEBUG=1",
					"$(inherited)",
				);
				GCC_WARN_64_TO_32_BIT_CONVERSION = YES;
				GCC_WARN_ABOUT_RETURN_TYPE = YES_ERROR;
				GCC_WARN_UNDECLARED_SELECTOR = YES;
				GCC_WARN_UNINITIALIZED_AUTOS = YES_AGGRESSIVE;
				GCC_WARN_UNUSED_FUNCTION = YES;
				GCC_WARN_UNUSED_VARIABLE = YES;
				IPHONEOS_DEPLOYMENT_TARGET = 13.5;
				MTL_ENABLE_DEBUG_INFO = INCLUDE_SOURCE;
				MTL_FAST_MATH = YES;
				ONLY_ACTIVE_ARCH = YES;
				SDKROOT = iphoneos;
				SWIFT_ACTIVE_COMPILATION_CONDITIONS = DEBUG;
				SWIFT_OPTIMIZATION_LEVEL = "-Onone";
			};
			name = Debug;
		};
		D36093FB24E5BB2D0096D474 /* Release */ = {
			isa = XCBuildConfiguration;
			buildSettings = {
				ALWAYS_SEARCH_USER_PATHS = NO;
				CLANG_ANALYZER_NONNULL = YES;
				CLANG_ANALYZER_NUMBER_OBJECT_CONVERSION = YES_AGGRESSIVE;
				CLANG_CXX_LANGUAGE_STANDARD = "gnu++14";
				CLANG_CXX_LIBRARY = "libc++";
				CLANG_ENABLE_MODULES = YES;
				CLANG_ENABLE_OBJC_ARC = YES;
				CLANG_ENABLE_OBJC_WEAK = YES;
				CLANG_WARN_BLOCK_CAPTURE_AUTORELEASING = YES;
				CLANG_WARN_BOOL_CONVERSION = YES;
				CLANG_WARN_COMMA = YES;
				CLANG_WARN_CONSTANT_CONVERSION = YES;
				CLANG_WARN_DEPRECATED_OBJC_IMPLEMENTATIONS = YES;
				CLANG_WARN_DIRECT_OBJC_ISA_USAGE = YES_ERROR;
				CLANG_WARN_DOCUMENTATION_COMMENTS = YES;
				CLANG_WARN_EMPTY_BODY = YES;
				CLANG_WARN_ENUM_CONVERSION = YES;
				CLANG_WARN_INFINITE_RECURSION = YES;
				CLANG_WARN_INT_CONVERSION = YES;
				CLANG_WARN_NON_LITERAL_NULL_CONVERSION = YES;
				CLANG_WARN_OBJC_IMPLICIT_RETAIN_SELF = YES;
				CLANG_WARN_OBJC_LITERAL_CONVERSION = YES;
				CLANG_WARN_OBJC_ROOT_CLASS = YES_ERROR;
				CLANG_WARN_RANGE_LOOP_ANALYSIS = YES;
				CLANG_WARN_STRICT_PROTOTYPES = YES;
				CLANG_WARN_SUSPICIOUS_MOVE = YES;
				CLANG_WARN_UNGUARDED_AVAILABILITY = YES_AGGRESSIVE;
				CLANG_WARN_UNREACHABLE_CODE = YES;
				CLANG_WARN__DUPLICATE_METHOD_MATCH = YES;
				COPY_PHASE_STRIP = NO;
				DEBUG_INFORMATION_FORMAT = "dwarf-with-dsym";
				ENABLE_NS_ASSERTIONS = NO;
				ENABLE_STRICT_OBJC_MSGSEND = YES;
				GCC_C_LANGUAGE_STANDARD = gnu11;
				GCC_NO_COMMON_BLOCKS = YES;
				GCC_WARN_64_TO_32_BIT_CONVERSION = YES;
				GCC_WARN_ABOUT_RETURN_TYPE = YES_ERROR;
				GCC_WARN_UNDECLARED_SELECTOR = YES;
				GCC_WARN_UNINITIALIZED_AUTOS = YES_AGGRESSIVE;
				GCC_WARN_UNUSED_FUNCTION = YES;
				GCC_WARN_UNUSED_VARIABLE = YES;
				IPHONEOS_DEPLOYMENT_TARGET = 13.5;
				MTL_ENABLE_DEBUG_INFO = NO;
				MTL_FAST_MATH = YES;
				SDKROOT = iphoneos;
				SWIFT_COMPILATION_MODE = wholemodule;
				SWIFT_OPTIMIZATION_LEVEL = "-O";
				VALIDATE_PRODUCT = YES;
			};
			name = Release;
		};
		D36093FD24E5BB2D0096D474 /* Debug */ = {
			isa = XCBuildConfiguration;
			buildSettings = {
				ASSETCATALOG_COMPILER_APPICON_NAME = AppIcon;
				CODE_SIGN_STYLE = Automatic;
				DEVELOPMENT_TEAM = 7XYA5NJ33B;
				INFOPLIST_FILE = People/Info.plist;
				LD_RUNPATH_SEARCH_PATHS = (
					"$(inherited)",
					"@executable_path/Frameworks",
				);
				PRODUCT_BUNDLE_IDENTIFIER = com.People;
				PRODUCT_NAME = "$(TARGET_NAME)";
				SWIFT_VERSION = 5.0;
				TARGETED_DEVICE_FAMILY = "1,2";
			};
			name = Debug;
		};
		D36093FE24E5BB2D0096D474 /* Release */ = {
			isa = XCBuildConfiguration;
			buildSettings = {
				ASSETCATALOG_COMPILER_APPICON_NAME = AppIcon;
				CODE_SIGN_STYLE = Automatic;
				DEVELOPMENT_TEAM = 7XYA5NJ33B;
				INFOPLIST_FILE = People/Info.plist;
				LD_RUNPATH_SEARCH_PATHS = (
					"$(inherited)",
					"@executable_path/Frameworks",
				);
				PRODUCT_BUNDLE_IDENTIFIER = com.People;
				PRODUCT_NAME = "$(TARGET_NAME)";
				SWIFT_VERSION = 5.0;
				TARGETED_DEVICE_FAMILY = "1,2";
			};
			name = Release;
		};
		D360940024E5BB2D0096D474 /* Debug */ = {
			isa = XCBuildConfiguration;
			buildSettings = {
				ALWAYS_EMBED_SWIFT_STANDARD_LIBRARIES = YES;
				BUNDLE_LOADER = "$(TEST_HOST)";
				CODE_SIGN_STYLE = Automatic;
				DEVELOPMENT_TEAM = 7XYA5NJ33B;
				INFOPLIST_FILE = PeopleTests/Info.plist;
				IPHONEOS_DEPLOYMENT_TARGET = 13.5;
				LD_RUNPATH_SEARCH_PATHS = (
					"$(inherited)",
					"@executable_path/Frameworks",
					"@loader_path/Frameworks",
				);
				PRODUCT_BUNDLE_IDENTIFIER = com.PeopleTests;
				PRODUCT_NAME = "$(TARGET_NAME)";
				SWIFT_VERSION = 5.0;
				TARGETED_DEVICE_FAMILY = "1,2";
				TEST_HOST = "$(BUILT_PRODUCTS_DIR)/People.app/People";
			};
			name = Debug;
		};
		D360940124E5BB2D0096D474 /* Release */ = {
			isa = XCBuildConfiguration;
			buildSettings = {
				ALWAYS_EMBED_SWIFT_STANDARD_LIBRARIES = YES;
				BUNDLE_LOADER = "$(TEST_HOST)";
				CODE_SIGN_STYLE = Automatic;
				DEVELOPMENT_TEAM = 7XYA5NJ33B;
				INFOPLIST_FILE = PeopleTests/Info.plist;
				IPHONEOS_DEPLOYMENT_TARGET = 13.5;
				LD_RUNPATH_SEARCH_PATHS = (
					"$(inherited)",
					"@executable_path/Frameworks",
					"@loader_path/Frameworks",
				);
				PRODUCT_BUNDLE_IDENTIFIER = com.PeopleTests;
				PRODUCT_NAME = "$(TARGET_NAME)";
				SWIFT_VERSION = 5.0;
				TARGETED_DEVICE_FAMILY = "1,2";
				TEST_HOST = "$(BUILT_PRODUCTS_DIR)/People.app/People";
			};
			name = Release;
		};
		D360940324E5BB2D0096D474 /* Debug */ = {
			isa = XCBuildConfiguration;
			buildSettings = {
				ALWAYS_EMBED_SWIFT_STANDARD_LIBRARIES = YES;
				CODE_SIGN_STYLE = Automatic;
				DEVELOPMENT_TEAM = 7XYA5NJ33B;
				INFOPLIST_FILE = PeopleUITests/Info.plist;
				LD_RUNPATH_SEARCH_PATHS = (
					"$(inherited)",
					"@executable_path/Frameworks",
					"@loader_path/Frameworks",
				);
				PRODUCT_BUNDLE_IDENTIFIER = com.PeopleUITests;
				PRODUCT_NAME = "$(TARGET_NAME)";
				SWIFT_VERSION = 5.0;
				TARGETED_DEVICE_FAMILY = "1,2";
				TEST_TARGET_NAME = People;
			};
			name = Debug;
		};
		D360940424E5BB2D0096D474 /* Release */ = {
			isa = XCBuildConfiguration;
			buildSettings = {
				ALWAYS_EMBED_SWIFT_STANDARD_LIBRARIES = YES;
				CODE_SIGN_STYLE = Automatic;
				DEVELOPMENT_TEAM = 7XYA5NJ33B;
				INFOPLIST_FILE = PeopleUITests/Info.plist;
				LD_RUNPATH_SEARCH_PATHS = (
					"$(inherited)",
					"@executable_path/Frameworks",
					"@loader_path/Frameworks",
				);
				PRODUCT_BUNDLE_IDENTIFIER = com.PeopleUITests;
				PRODUCT_NAME = "$(TARGET_NAME)";
				SWIFT_VERSION = 5.0;
				TARGETED_DEVICE_FAMILY = "1,2";
				TEST_TARGET_NAME = People;
			};
			name = Release;
		};
/* End XCBuildConfiguration section */

/* Begin XCConfigurationList section */
		D36093CD24E5BB240096D474 /* Build configuration list for PBXProject "People" */ = {
			isa = XCConfigurationList;
			buildConfigurations = (
				D36093FA24E5BB2D0096D474 /* Debug */,
				D36093FB24E5BB2D0096D474 /* Release */,
			);
			defaultConfigurationIsVisible = 0;
			defaultConfigurationName = Release;
		};
		D36093FC24E5BB2D0096D474 /* Build configuration list for PBXNativeTarget "People" */ = {
			isa = XCConfigurationList;
			buildConfigurations = (
				D36093FD24E5BB2D0096D474 /* Debug */,
				D36093FE24E5BB2D0096D474 /* Release */,
			);
			defaultConfigurationIsVisible = 0;
			defaultConfigurationName = Release;
		};
		D36093FF24E5BB2D0096D474 /* Build configuration list for PBXNativeTarget "PeopleTests" */ = {
			isa = XCConfigurationList;
			buildConfigurations = (
				D360940024E5BB2D0096D474 /* Debug */,
				D360940124E5BB2D0096D474 /* Release */,
			);
			defaultConfigurationIsVisible = 0;
			defaultConfigurationName = Release;
		};
		D360940224E5BB2D0096D474 /* Build configuration list for PBXNativeTarget "PeopleUITests" */ = {
			isa = XCConfigurationList;
			buildConfigurations = (
				D360940324E5BB2D0096D474 /* Debug */,
				D360940424E5BB2D0096D474 /* Release */,
			);
			defaultConfigurationIsVisible = 0;
			defaultConfigurationName = Release;
		};
/* End XCConfigurationList section */
	};
	rootObject = D36093CA24E5BB240096D474 /* Project object */;
}
